
Microsoft Visual Studio Solution File, Format Version 12.00
# Visual Studio Version 16
VisualStudioVersion = 16.0.30717.126
MinimumVisualStudioVersion = 10.0.40219.1
Project("{8BC9CEB8-8B4A-11D0-8D11-00A0C91BC942}") = "day1", "day1\day1.vcxproj", "{3CED5186-31A2-4FCD-8467-043480CBF64D}"
EndProject
Project("{8BC9CEB8-8B4A-11D0-8D11-00A0C91BC942}") = "day2", "day2\day2.vcxproj", "{6D51F86B-EC08-4104-BFB7-68506178436A}"
EndProject
Project("{8BC9CEB8-8B4A-11D0-8D11-00A0C91BC942}") = "day3", "day3\day3.vcxproj", "{A3294CE0-F5F3-4EE5-97B7-E1C1B369CEAF}"
EndProject
Project("{8BC9CEB8-8B4A-11D0-8D11-00A0C91BC942}") = "day4", "day4\day4.vcxproj", "{0DC22C6B-3D40-40E7-9D19-227658765314}"
EndProject
Project("{8BC9CEB8-8B4A-11D0-8D11-00A0C91BC942}") = "day5", "day5\day5.vcxproj", "{7F0F391A-F820-4576-8104-19EE703BE044}"
EndProject
Project("{8BC9CEB8-8B4A-11D0-8D11-00A0C91BC942}") = "day6", "day6\day6.vcxproj", "{F161CDE1-29CD-4945-835A-F413E07EF09C}"
EndProject
Project("{8BC9CEB8-8B4A-11D0-8D11-00A0C91BC942}") = "shared", "shared\shared.vcxproj", "{C32C9DC5-A6C1-4F45-A181-5CB2A50FD4DC}"
EndProject
Project("{8BC9CEB8-8B4A-11D0-8D11-00A0C91BC942}") = "day7", "day7\day7.vcxproj", "{0F8CA44F-BCC0-4BB0-9C6F-8E1BB5D3E6C4}"
EndProject
Project("{8BC9CEB8-8B4A-11D0-8D11-00A0C91BC942}") = "day8", "day8\day8.vcxproj", "{691F51F4-4A5F-4417-A59A-D9881BDD8C7D}"
EndProject
Project("{8BC9CEB8-8B4A-11D0-8D11-00A0C91BC942}") = "day9", "day9\day9.vcxproj", "{FBE94BC7-7674-448C-BC30-2959A4D9E154}"
EndProject
Project("{8BC9CEB8-8B4A-11D0-8D11-00A0C91BC942}") = "day10", "day10\day10.vcxproj", "{173B8EB2-BE2F-4666-BF91-F5253773840F}"
EndProject
Project("{8BC9CEB8-8B4A-11D0-8D11-00A0C91BC942}") = "day11", "day11\day11.vcxproj", "{0FCB2DC1-ED18-4548-A622-E83D765AEDBD}"
EndProject
Project("{8BC9CEB8-8B4A-11D0-8D11-00A0C91BC942}") = "day12", "day12\day12.vcxproj", "{C8BAFC4B-DF27-4DD8-8555-9FF5A89487E7}"
EndProject
Project("{8BC9CEB8-8B4A-11D0-8D11-00A0C91BC942}") = "day13", "day13\day13.vcxproj", "{E5FCF7C5-F9FF-4AD9-AABE-0A1A92D38DA0}"
EndProject
Project("{8BC9CEB8-8B4A-11D0-8D11-00A0C91BC942}") = "day14", "day14\day14.vcxproj", "{5D2664E0-31BF-444F-AB3A-D953CF227A3B}"
EndProject
Project("{8BC9CEB8-8B4A-11D0-8D11-00A0C91BC942}") = "day15", "day15\day15.vcxproj", "{28572238-A922-4A19-A212-55B2D472C4B2}"
EndProject
Project("{8BC9CEB8-8B4A-11D0-8D11-00A0C91BC942}") = "day16", "day16\day16.vcxproj", "{A48B9123-52AC-48F8-8928-407BCAF41CD3}"
EndProject
Project("{8BC9CEB8-8B4A-11D0-8D11-00A0C91BC942}") = "day17", "day17\day17.vcxproj", "{C8F7D663-E0A9-4D8F-A0DF-41BD2BD4FF95}"
EndProject
Project("{8BC9CEB8-8B4A-11D0-8D11-00A0C91BC942}") = "day18", "day18\day18.vcxproj", "{1A0323C8-48C8-407B-B1F8-B06196DAA21A}"
EndProject
Project("{8BC9CEB8-8B4A-11D0-8D11-00A0C91BC942}") = "day19", "day19\day19.vcxproj", "{1FA5C664-9532-457E-9E1A-7C9F1A82799E}"
EndProject
Project("{8BC9CEB8-8B4A-11D0-8D11-00A0C91BC942}") = "day20", "day20\day20.vcxproj", "{B458D17A-C656-4ADC-8A51-4AE900A88D85}"
EndProject
Project("{8BC9CEB8-8B4A-11D0-8D11-00A0C91BC942}") = "day21", "day21\day21.vcxproj", "{F6D21191-2A5F-4C32-BDF1-3208B668DCFA}"
EndProject
Project("{8BC9CEB8-8B4A-11D0-8D11-00A0C91BC942}") = "day22", "day22\day22.vcxproj", "{EDB2D157-27F9-4A1A-84EF-22C4446D171F}"
EndProject
Project("{8BC9CEB8-8B4A-11D0-8D11-00A0C91BC942}") = "day23", "day23\day23.vcxproj", "{13C67295-F699-45AA-A8C3-2C4A4D1F2E6E}"
EndProject
Project("{8BC9CEB8-8B4A-11D0-8D11-00A0C91BC942}") = "day24", "day24\day24.vcxproj", "{E1E07DD6-7950-446F-9AAA-53F7C02A6D09}"
EndProject
Global
	GlobalSection(SolutionConfigurationPlatforms) = preSolution
		Debug|x64 = Debug|x64
		Debug|x86 = Debug|x86
		Release|x64 = Release|x64
		Release|x86 = Release|x86
	EndGlobalSection
	GlobalSection(ProjectConfigurationPlatforms) = postSolution
		{3CED5186-31A2-4FCD-8467-043480CBF64D}.Debug|x64.ActiveCfg = Debug|x64
		{3CED5186-31A2-4FCD-8467-043480CBF64D}.Debug|x64.Build.0 = Debug|x64
		{3CED5186-31A2-4FCD-8467-043480CBF64D}.Debug|x86.ActiveCfg = Debug|Win32
		{3CED5186-31A2-4FCD-8467-043480CBF64D}.Debug|x86.Build.0 = Debug|Win32
		{3CED5186-31A2-4FCD-8467-043480CBF64D}.Release|x64.ActiveCfg = Release|x64
		{3CED5186-31A2-4FCD-8467-043480CBF64D}.Release|x64.Build.0 = Release|x64
		{3CED5186-31A2-4FCD-8467-043480CBF64D}.Release|x86.ActiveCfg = Release|Win32
		{3CED5186-31A2-4FCD-8467-043480CBF64D}.Release|x86.Build.0 = Release|Win32
		{6D51F86B-EC08-4104-BFB7-68506178436A}.Debug|x64.ActiveCfg = Debug|x64
		{6D51F86B-EC08-4104-BFB7-68506178436A}.Debug|x64.Build.0 = Debug|x64
		{6D51F86B-EC08-4104-BFB7-68506178436A}.Debug|x86.ActiveCfg = Debug|Win32
		{6D51F86B-EC08-4104-BFB7-68506178436A}.Debug|x86.Build.0 = Debug|Win32
		{6D51F86B-EC08-4104-BFB7-68506178436A}.Release|x64.ActiveCfg = Release|x64
		{6D51F86B-EC08-4104-BFB7-68506178436A}.Release|x64.Build.0 = Release|x64
		{6D51F86B-EC08-4104-BFB7-68506178436A}.Release|x86.ActiveCfg = Release|Win32
		{6D51F86B-EC08-4104-BFB7-68506178436A}.Release|x86.Build.0 = Release|Win32
		{A3294CE0-F5F3-4EE5-97B7-E1C1B369CEAF}.Debug|x64.ActiveCfg = Debug|x64
		{A3294CE0-F5F3-4EE5-97B7-E1C1B369CEAF}.Debug|x64.Build.0 = Debug|x64
		{A3294CE0-F5F3-4EE5-97B7-E1C1B369CEAF}.Debug|x86.ActiveCfg = Debug|Win32
		{A3294CE0-F5F3-4EE5-97B7-E1C1B369CEAF}.Debug|x86.Build.0 = Debug|Win32
		{A3294CE0-F5F3-4EE5-97B7-E1C1B369CEAF}.Release|x64.ActiveCfg = Release|x64
		{A3294CE0-F5F3-4EE5-97B7-E1C1B369CEAF}.Release|x64.Build.0 = Release|x64
		{A3294CE0-F5F3-4EE5-97B7-E1C1B369CEAF}.Release|x86.ActiveCfg = Release|Win32
		{A3294CE0-F5F3-4EE5-97B7-E1C1B369CEAF}.Release|x86.Build.0 = Release|Win32
		{0DC22C6B-3D40-40E7-9D19-227658765314}.Debug|x64.ActiveCfg = Debug|x64
		{0DC22C6B-3D40-40E7-9D19-227658765314}.Debug|x64.Build.0 = Debug|x64
		{0DC22C6B-3D40-40E7-9D19-227658765314}.Debug|x86.ActiveCfg = Debug|Win32
		{0DC22C6B-3D40-40E7-9D19-227658765314}.Debug|x86.Build.0 = Debug|Win32
		{0DC22C6B-3D40-40E7-9D19-227658765314}.Release|x64.ActiveCfg = Release|x64
		{0DC22C6B-3D40-40E7-9D19-227658765314}.Release|x64.Build.0 = Release|x64
		{0DC22C6B-3D40-40E7-9D19-227658765314}.Release|x86.ActiveCfg = Release|Win32
		{0DC22C6B-3D40-40E7-9D19-227658765314}.Release|x86.Build.0 = Release|Win32
		{7F0F391A-F820-4576-8104-19EE703BE044}.Debug|x64.ActiveCfg = Debug|x64
		{7F0F391A-F820-4576-8104-19EE703BE044}.Debug|x64.Build.0 = Debug|x64
		{7F0F391A-F820-4576-8104-19EE703BE044}.Debug|x86.ActiveCfg = Debug|Win32
		{7F0F391A-F820-4576-8104-19EE703BE044}.Debug|x86.Build.0 = Debug|Win32
		{7F0F391A-F820-4576-8104-19EE703BE044}.Release|x64.ActiveCfg = Release|x64
		{7F0F391A-F820-4576-8104-19EE703BE044}.Release|x64.Build.0 = Release|x64
		{7F0F391A-F820-4576-8104-19EE703BE044}.Release|x86.ActiveCfg = Release|Win32
		{7F0F391A-F820-4576-8104-19EE703BE044}.Release|x86.Build.0 = Release|Win32
		{F161CDE1-29CD-4945-835A-F413E07EF09C}.Debug|x64.ActiveCfg = Debug|x64
		{F161CDE1-29CD-4945-835A-F413E07EF09C}.Debug|x64.Build.0 = Debug|x64
		{F161CDE1-29CD-4945-835A-F413E07EF09C}.Debug|x86.ActiveCfg = Debug|Win32
		{F161CDE1-29CD-4945-835A-F413E07EF09C}.Debug|x86.Build.0 = Debug|Win32
		{F161CDE1-29CD-4945-835A-F413E07EF09C}.Release|x64.ActiveCfg = Release|x64
		{F161CDE1-29CD-4945-835A-F413E07EF09C}.Release|x64.Build.0 = Release|x64
		{F161CDE1-29CD-4945-835A-F413E07EF09C}.Release|x86.ActiveCfg = Release|Win32
		{F161CDE1-29CD-4945-835A-F413E07EF09C}.Release|x86.Build.0 = Release|Win32
		{C32C9DC5-A6C1-4F45-A181-5CB2A50FD4DC}.Debug|x64.ActiveCfg = Debug|x64
		{C32C9DC5-A6C1-4F45-A181-5CB2A50FD4DC}.Debug|x64.Build.0 = Debug|x64
		{C32C9DC5-A6C1-4F45-A181-5CB2A50FD4DC}.Debug|x86.ActiveCfg = Debug|Win32
		{C32C9DC5-A6C1-4F45-A181-5CB2A50FD4DC}.Debug|x86.Build.0 = Debug|Win32
		{C32C9DC5-A6C1-4F45-A181-5CB2A50FD4DC}.Release|x64.ActiveCfg = Release|x64
		{C32C9DC5-A6C1-4F45-A181-5CB2A50FD4DC}.Release|x64.Build.0 = Release|x64
		{C32C9DC5-A6C1-4F45-A181-5CB2A50FD4DC}.Release|x86.ActiveCfg = Release|Win32
		{C32C9DC5-A6C1-4F45-A181-5CB2A50FD4DC}.Release|x86.Build.0 = Release|Win32
		{0F8CA44F-BCC0-4BB0-9C6F-8E1BB5D3E6C4}.Debug|x64.ActiveCfg = Debug|x64
		{0F8CA44F-BCC0-4BB0-9C6F-8E1BB5D3E6C4}.Debug|x64.Build.0 = Debug|x64
		{0F8CA44F-BCC0-4BB0-9C6F-8E1BB5D3E6C4}.Debug|x86.ActiveCfg = Debug|Win32
		{0F8CA44F-BCC0-4BB0-9C6F-8E1BB5D3E6C4}.Debug|x86.Build.0 = Debug|Win32
		{0F8CA44F-BCC0-4BB0-9C6F-8E1BB5D3E6C4}.Release|x64.ActiveCfg = Release|x64
		{0F8CA44F-BCC0-4BB0-9C6F-8E1BB5D3E6C4}.Release|x64.Build.0 = Release|x64
		{0F8CA44F-BCC0-4BB0-9C6F-8E1BB5D3E6C4}.Release|x86.ActiveCfg = Release|Win32
		{0F8CA44F-BCC0-4BB0-9C6F-8E1BB5D3E6C4}.Release|x86.Build.0 = Release|Win32
		{691F51F4-4A5F-4417-A59A-D9881BDD8C7D}.Debug|x64.ActiveCfg = Debug|x64
		{691F51F4-4A5F-4417-A59A-D9881BDD8C7D}.Debug|x64.Build.0 = Debug|x64
		{691F51F4-4A5F-4417-A59A-D9881BDD8C7D}.Debug|x86.ActiveCfg = Debug|Win32
		{691F51F4-4A5F-4417-A59A-D9881BDD8C7D}.Debug|x86.Build.0 = Debug|Win32
		{691F51F4-4A5F-4417-A59A-D9881BDD8C7D}.Release|x64.ActiveCfg = Release|x64
		{691F51F4-4A5F-4417-A59A-D9881BDD8C7D}.Release|x64.Build.0 = Release|x64
		{691F51F4-4A5F-4417-A59A-D9881BDD8C7D}.Release|x86.ActiveCfg = Release|Win32
		{691F51F4-4A5F-4417-A59A-D9881BDD8C7D}.Release|x86.Build.0 = Release|Win32
		{FBE94BC7-7674-448C-BC30-2959A4D9E154}.Debug|x64.ActiveCfg = Debug|x64
		{FBE94BC7-7674-448C-BC30-2959A4D9E154}.Debug|x64.Build.0 = Debug|x64
		{FBE94BC7-7674-448C-BC30-2959A4D9E154}.Debug|x86.ActiveCfg = Debug|Win32
		{FBE94BC7-7674-448C-BC30-2959A4D9E154}.Debug|x86.Build.0 = Debug|Win32
		{FBE94BC7-7674-448C-BC30-2959A4D9E154}.Release|x64.ActiveCfg = Release|x64
		{FBE94BC7-7674-448C-BC30-2959A4D9E154}.Release|x64.Build.0 = Release|x64
		{FBE94BC7-7674-448C-BC30-2959A4D9E154}.Release|x86.ActiveCfg = Release|Win32
		{FBE94BC7-7674-448C-BC30-2959A4D9E154}.Release|x86.Build.0 = Release|Win32
		{173B8EB2-BE2F-4666-BF91-F5253773840F}.Debug|x64.ActiveCfg = Debug|x64
		{173B8EB2-BE2F-4666-BF91-F5253773840F}.Debug|x64.Build.0 = Debug|x64
		{173B8EB2-BE2F-4666-BF91-F5253773840F}.Debug|x86.ActiveCfg = Debug|Win32
		{173B8EB2-BE2F-4666-BF91-F5253773840F}.Debug|x86.Build.0 = Debug|Win32
		{173B8EB2-BE2F-4666-BF91-F5253773840F}.Release|x64.ActiveCfg = Release|x64
		{173B8EB2-BE2F-4666-BF91-F5253773840F}.Release|x64.Build.0 = Release|x64
		{173B8EB2-BE2F-4666-BF91-F5253773840F}.Release|x86.ActiveCfg = Release|Win32
		{173B8EB2-BE2F-4666-BF91-F5253773840F}.Release|x86.Build.0 = Release|Win32
		{0FCB2DC1-ED18-4548-A622-E83D765AEDBD}.Debug|x64.ActiveCfg = Debug|x64
		{0FCB2DC1-ED18-4548-A622-E83D765AEDBD}.Debug|x64.Build.0 = Debug|x64
		{0FCB2DC1-ED18-4548-A622-E83D765AEDBD}.Debug|x86.ActiveCfg = Debug|Win32
		{0FCB2DC1-ED18-4548-A622-E83D765AEDBD}.Debug|x86.Build.0 = Debug|Win32
		{0FCB2DC1-ED18-4548-A622-E83D765AEDBD}.Release|x64.ActiveCfg = Release|x64
		{0FCB2DC1-ED18-4548-A622-E83D765AEDBD}.Release|x64.Build.0 = Release|x64
		{0FCB2DC1-ED18-4548-A622-E83D765AEDBD}.Release|x86.ActiveCfg = Release|Win32
		{0FCB2DC1-ED18-4548-A622-E83D765AEDBD}.Release|x86.Build.0 = Release|Win32
		{C8BAFC4B-DF27-4DD8-8555-9FF5A89487E7}.Debug|x64.ActiveCfg = Debug|x64
		{C8BAFC4B-DF27-4DD8-8555-9FF5A89487E7}.Debug|x64.Build.0 = Debug|x64
		{C8BAFC4B-DF27-4DD8-8555-9FF5A89487E7}.Debug|x86.ActiveCfg = Debug|Win32
		{C8BAFC4B-DF27-4DD8-8555-9FF5A89487E7}.Debug|x86.Build.0 = Debug|Win32
		{C8BAFC4B-DF27-4DD8-8555-9FF5A89487E7}.Release|x64.ActiveCfg = Release|x64
		{C8BAFC4B-DF27-4DD8-8555-9FF5A89487E7}.Release|x64.Build.0 = Release|x64
		{C8BAFC4B-DF27-4DD8-8555-9FF5A89487E7}.Release|x86.ActiveCfg = Release|Win32
		{C8BAFC4B-DF27-4DD8-8555-9FF5A89487E7}.Release|x86.Build.0 = Release|Win32
		{E5FCF7C5-F9FF-4AD9-AABE-0A1A92D38DA0}.Debug|x64.ActiveCfg = Debug|x64
		{E5FCF7C5-F9FF-4AD9-AABE-0A1A92D38DA0}.Debug|x64.Build.0 = Debug|x64
		{E5FCF7C5-F9FF-4AD9-AABE-0A1A92D38DA0}.Debug|x86.ActiveCfg = Debug|Win32
		{E5FCF7C5-F9FF-4AD9-AABE-0A1A92D38DA0}.Debug|x86.Build.0 = Debug|Win32
		{E5FCF7C5-F9FF-4AD9-AABE-0A1A92D38DA0}.Release|x64.ActiveCfg = Release|x64
		{E5FCF7C5-F9FF-4AD9-AABE-0A1A92D38DA0}.Release|x64.Build.0 = Release|x64
		{E5FCF7C5-F9FF-4AD9-AABE-0A1A92D38DA0}.Release|x86.ActiveCfg = Release|Win32
		{E5FCF7C5-F9FF-4AD9-AABE-0A1A92D38DA0}.Release|x86.Build.0 = Release|Win32
		{5D2664E0-31BF-444F-AB3A-D953CF227A3B}.Debug|x64.ActiveCfg = Debug|x64
		{5D2664E0-31BF-444F-AB3A-D953CF227A3B}.Debug|x64.Build.0 = Debug|x64
		{5D2664E0-31BF-444F-AB3A-D953CF227A3B}.Debug|x86.ActiveCfg = Debug|Win32
		{5D2664E0-31BF-444F-AB3A-D953CF227A3B}.Debug|x86.Build.0 = Debug|Win32
		{5D2664E0-31BF-444F-AB3A-D953CF227A3B}.Release|x64.ActiveCfg = Release|x64
		{5D2664E0-31BF-444F-AB3A-D953CF227A3B}.Release|x64.Build.0 = Release|x64
		{5D2664E0-31BF-444F-AB3A-D953CF227A3B}.Release|x86.ActiveCfg = Release|Win32
		{5D2664E0-31BF-444F-AB3A-D953CF227A3B}.Release|x86.Build.0 = Release|Win32
		{28572238-A922-4A19-A212-55B2D472C4B2}.Debug|x64.ActiveCfg = Debug|x64
		{28572238-A922-4A19-A212-55B2D472C4B2}.Debug|x64.Build.0 = Debug|x64
		{28572238-A922-4A19-A212-55B2D472C4B2}.Debug|x86.ActiveCfg = Debug|Win32
		{28572238-A922-4A19-A212-55B2D472C4B2}.Debug|x86.Build.0 = Debug|Win32
		{28572238-A922-4A19-A212-55B2D472C4B2}.Release|x64.ActiveCfg = Release|x64
		{28572238-A922-4A19-A212-55B2D472C4B2}.Release|x64.Build.0 = Release|x64
		{28572238-A922-4A19-A212-55B2D472C4B2}.Release|x86.ActiveCfg = Release|Win32
		{28572238-A922-4A19-A212-55B2D472C4B2}.Release|x86.Build.0 = Release|Win32
		{A48B9123-52AC-48F8-8928-407BCAF41CD3}.Debug|x64.ActiveCfg = Debug|x64
		{A48B9123-52AC-48F8-8928-407BCAF41CD3}.Debug|x64.Build.0 = Debug|x64
		{A48B9123-52AC-48F8-8928-407BCAF41CD3}.Debug|x86.ActiveCfg = Debug|Win32
		{A48B9123-52AC-48F8-8928-407BCAF41CD3}.Debug|x86.Build.0 = Debug|Win32
		{A48B9123-52AC-48F8-8928-407BCAF41CD3}.Release|x64.ActiveCfg = Release|x64
		{A48B9123-52AC-48F8-8928-407BCAF41CD3}.Release|x64.Build.0 = Release|x64
		{A48B9123-52AC-48F8-8928-407BCAF41CD3}.Release|x86.ActiveCfg = Release|Win32
		{A48B9123-52AC-48F8-8928-407BCAF41CD3}.Release|x86.Build.0 = Release|Win32
		{C8F7D663-E0A9-4D8F-A0DF-41BD2BD4FF95}.Debug|x64.ActiveCfg = Debug|x64
		{C8F7D663-E0A9-4D8F-A0DF-41BD2BD4FF95}.Debug|x64.Build.0 = Debug|x64
		{C8F7D663-E0A9-4D8F-A0DF-41BD2BD4FF95}.Debug|x86.ActiveCfg = Debug|Win32
		{C8F7D663-E0A9-4D8F-A0DF-41BD2BD4FF95}.Debug|x86.Build.0 = Debug|Win32
		{C8F7D663-E0A9-4D8F-A0DF-41BD2BD4FF95}.Release|x64.ActiveCfg = Release|x64
		{C8F7D663-E0A9-4D8F-A0DF-41BD2BD4FF95}.Release|x64.Build.0 = Release|x64
		{C8F7D663-E0A9-4D8F-A0DF-41BD2BD4FF95}.Release|x86.ActiveCfg = Release|Win32
		{C8F7D663-E0A9-4D8F-A0DF-41BD2BD4FF95}.Release|x86.Build.0 = Release|Win32
		{1A0323C8-48C8-407B-B1F8-B06196DAA21A}.Debug|x64.ActiveCfg = Debug|x64
		{1A0323C8-48C8-407B-B1F8-B06196DAA21A}.Debug|x64.Build.0 = Debug|x64
		{1A0323C8-48C8-407B-B1F8-B06196DAA21A}.Debug|x86.ActiveCfg = Debug|Win32
		{1A0323C8-48C8-407B-B1F8-B06196DAA21A}.Debug|x86.Build.0 = Debug|Win32
		{1A0323C8-48C8-407B-B1F8-B06196DAA21A}.Release|x64.ActiveCfg = Release|x64
		{1A0323C8-48C8-407B-B1F8-B06196DAA21A}.Release|x64.Build.0 = Release|x64
		{1A0323C8-48C8-407B-B1F8-B06196DAA21A}.Release|x86.ActiveCfg = Release|Win32
		{1A0323C8-48C8-407B-B1F8-B06196DAA21A}.Release|x86.Build.0 = Release|Win32
		{1FA5C664-9532-457E-9E1A-7C9F1A82799E}.Debug|x64.ActiveCfg = Debug|x64
		{1FA5C664-9532-457E-9E1A-7C9F1A82799E}.Debug|x64.Build.0 = Debug|x64
		{1FA5C664-9532-457E-9E1A-7C9F1A82799E}.Debug|x86.ActiveCfg = Debug|Win32
		{1FA5C664-9532-457E-9E1A-7C9F1A82799E}.Debug|x86.Build.0 = Debug|Win32
		{1FA5C664-9532-457E-9E1A-7C9F1A82799E}.Release|x64.ActiveCfg = Release|x64
		{1FA5C664-9532-457E-9E1A-7C9F1A82799E}.Release|x64.Build.0 = Release|x64
		{1FA5C664-9532-457E-9E1A-7C9F1A82799E}.Release|x86.ActiveCfg = Release|Win32
		{1FA5C664-9532-457E-9E1A-7C9F1A82799E}.Release|x86.Build.0 = Release|Win32
		{B458D17A-C656-4ADC-8A51-4AE900A88D85}.Debug|x64.ActiveCfg = Debug|x64
		{B458D17A-C656-4ADC-8A51-4AE900A88D85}.Debug|x64.Build.0 = Debug|x64
		{B458D17A-C656-4ADC-8A51-4AE900A88D85}.Debug|x86.ActiveCfg = Debug|Win32
		{B458D17A-C656-4ADC-8A51-4AE900A88D85}.Debug|x86.Build.0 = Debug|Win32
		{B458D17A-C656-4ADC-8A51-4AE900A88D85}.Release|x64.ActiveCfg = Release|x64
		{B458D17A-C656-4ADC-8A51-4AE900A88D85}.Release|x64.Build.0 = Release|x64
		{B458D17A-C656-4ADC-8A51-4AE900A88D85}.Release|x86.ActiveCfg = Release|Win32
		{B458D17A-C656-4ADC-8A51-4AE900A88D85}.Release|x86.Build.0 = Release|Win32
		{F6D21191-2A5F-4C32-BDF1-3208B668DCFA}.Debug|x64.ActiveCfg = Debug|x64
		{F6D21191-2A5F-4C32-BDF1-3208B668DCFA}.Debug|x64.Build.0 = Debug|x64
		{F6D21191-2A5F-4C32-BDF1-3208B668DCFA}.Debug|x86.ActiveCfg = Debug|Win32
		{F6D21191-2A5F-4C32-BDF1-3208B668DCFA}.Debug|x86.Build.0 = Debug|Win32
		{F6D21191-2A5F-4C32-BDF1-3208B668DCFA}.Release|x64.ActiveCfg = Release|x64
		{F6D21191-2A5F-4C32-BDF1-3208B668DCFA}.Release|x64.Build.0 = Release|x64
		{F6D21191-2A5F-4C32-BDF1-3208B668DCFA}.Release|x86.ActiveCfg = Release|Win32
		{F6D21191-2A5F-4C32-BDF1-3208B668DCFA}.Release|x86.Build.0 = Release|Win32
		{EDB2D157-27F9-4A1A-84EF-22C4446D171F}.Debug|x64.ActiveCfg = Debug|x64
		{EDB2D157-27F9-4A1A-84EF-22C4446D171F}.Debug|x64.Build.0 = Debug|x64
		{EDB2D157-27F9-4A1A-84EF-22C4446D171F}.Debug|x86.ActiveCfg = Debug|Win32
		{EDB2D157-27F9-4A1A-84EF-22C4446D171F}.Debug|x86.Build.0 = Debug|Win32
		{EDB2D157-27F9-4A1A-84EF-22C4446D171F}.Release|x64.ActiveCfg = Release|x64
		{EDB2D157-27F9-4A1A-84EF-22C4446D171F}.Release|x64.Build.0 = Release|x64
		{EDB2D157-27F9-4A1A-84EF-22C4446D171F}.Release|x86.ActiveCfg = Release|Win32
		{EDB2D157-27F9-4A1A-84EF-22C4446D171F}.Release|x86.Build.0 = Release|Win32
		{13C67295-F699-45AA-A8C3-2C4A4D1F2E6E}.Debug|x64.ActiveCfg = Debug|x64
		{13C67295-F699-45AA-A8C3-2C4A4D1F2E6E}.Debug|x64.Build.0 = Debug|x64
		{13C67295-F699-45AA-A8C3-2C4A4D1F2E6E}.Debug|x86.ActiveCfg = Debug|Win32
		{13C67295-F699-45AA-A8C3-2C4A4D1F2E6E}.Debug|x86.Build.0 = Debug|Win32
		{13C67295-F699-45AA-A8C3-2C4A4D1F2E6E}.Release|x64.ActiveCfg = Release|x64
		{13C67295-F699-45AA-A8C3-2C4A4D1F2E6E}.Release|x64.Build.0 = Release|x64
		{13C67295-F699-45AA-A8C3-2C4A4D1F2E6E}.Release|x86.ActiveCfg = Release|Win32
		{13C67295-F699-45AA-A8C3-2C4A4D1F2E6E}.Release|x86.Build.0 = Release|Win32
		{E1E07DD6-7950-446F-9AAA-53F7C02A6D09}.Debug|x64.ActiveCfg = Debug|x64
		{E1E07DD6-7950-446F-9AAA-53F7C02A6D09}.Debug|x64.Build.0 = Debug|x64
		{E1E07DD6-7950-446F-9AAA-53F7C02A6D09}.Debug|x86.ActiveCfg = Debug|Win32
		{E1E07DD6-7950-446F-9AAA-53F7C02A6D09}.Debug|x86.Build.0 = Debug|Win32
		{E1E07DD6-7950-446F-9AAA-53F7C02A6D09}.Release|x64.ActiveCfg = Release|x64
		{E1E07DD6-7950-446F-9AAA-53F7C02A6D09}.Release|x64.Build.0 = Release|x64
		{E1E07DD6-7950-446F-9AAA-53F7C02A6D09}.Release|x86.ActiveCfg = Release|Win32
		{E1E07DD6-7950-446F-9AAA-53F7C02A6D09}.Release|x86.Build.0 = Release|Win32
	EndGlobalSection
	GlobalSection(SolutionProperties) = preSolution
		HideSolutionNode = FALSE
	EndGlobalSection
	GlobalSection(ExtensibilityGlobals) = postSolution
		SolutionGuid = {B3EC7D67-FA18-46D3-A5EB-BD6060F40F36}
	EndGlobalSection
EndGlobal
