
Microsoft Visual Studio Solution File, Format Version 12.00
# Visual Studio Version 16
VisualStudioVersion = 16.0.30717.126
MinimumVisualStudioVersion = 10.0.40219.1
Project("{8BC9CEB8-8B4A-11D0-8D11-00A0C91BC942}") = "day1", "day1\day1.vcxproj", "{3CED5186-31A2-4FCD-8467-043480CBF64D}"
EndProject
Project("{8BC9CEB8-8B4A-11D0-8D11-00A0C91BC942}") = "day2", "day2\day2.vcxproj", "{6D51F86B-EC08-4104-BFB7-68506178436A}"
EndProject
Project("{8BC9CEB8-8B4A-11D0-8D11-00A0C91BC942}") = "day3", "day3\day3.vcxproj", "{A3294CE0-F5F3-4EE5-97B7-E1C1B369CEAF}"
EndProject
Project("{8BC9CEB8-8B4A-11D0-8D11-00A0C91BC942}") = "day4", "day4\day4.vcxproj", "{0DC22C6B-3D40-40E7-9D19-227658765314}"
EndProject
Project("{8BC9CEB8-8B4A-11D0-8D11-00A0C91BC942}") = "day5", "day5\day5.vcxproj", "{7F0F391A-F820-4576-8104-19EE703BE044}"
EndProject
Project("{8BC9CEB8-8B4A-11D0-8D11-00A0C91BC942}") = "day6", "day6\day6.vcxproj", "{F161CDE1-29CD-4945-835A-F413E07EF09C}"
EndProject
Project("{8BC9CEB8-8B4A-11D0-8D11-00A0C91BC942}") = "shared", "shared\shared.vcxproj", "{C32C9DC5-A6C1-4F45-A181-5CB2A50FD4DC}"
EndProject
Project("{8BC9CEB8-8B4A-11D0-8D11-00A0C91BC942}") = "day7", "day7\day7.vcxproj", "{0F8CA44F-BCC0-4BB0-9C6F-8E1BB5D3E6C4}"
EndProject
Global
	GlobalSection(SolutionConfigurationPlatforms) = preSolution
		Debug|x64 = Debug|x64
		Debug|x86 = Debug|x86
		Release|x64 = Release|x64
		Release|x86 = Release|x86
	EndGlobalSection
	GlobalSection(ProjectConfigurationPlatforms) = postSolution
		{3CED5186-31A2-4FCD-8467-043480CBF64D}.Debug|x64.ActiveCfg = Debug|x64
		{3CED5186-31A2-4FCD-8467-043480CBF64D}.Debug|x64.Build.0 = Debug|x64
		{3CED5186-31A2-4FCD-8467-043480CBF64D}.Debug|x86.ActiveCfg = Debug|Win32
		{3CED5186-31A2-4FCD-8467-043480CBF64D}.Debug|x86.Build.0 = Debug|Win32
		{3CED5186-31A2-4FCD-8467-043480CBF64D}.Release|x64.ActiveCfg = Release|x64
		{3CED5186-31A2-4FCD-8467-043480CBF64D}.Release|x64.Build.0 = Release|x64
		{3CED5186-31A2-4FCD-8467-043480CBF64D}.Release|x86.ActiveCfg = Release|Win32
		{3CED5186-31A2-4FCD-8467-043480CBF64D}.Release|x86.Build.0 = Release|Win32
		{6D51F86B-EC08-4104-BFB7-68506178436A}.Debug|x64.ActiveCfg = Debug|x64
		{6D51F86B-EC08-4104-BFB7-68506178436A}.Debug|x64.Build.0 = Debug|x64
		{6D51F86B-EC08-4104-BFB7-68506178436A}.Debug|x86.ActiveCfg = Debug|Win32
		{6D51F86B-EC08-4104-BFB7-68506178436A}.Debug|x86.Build.0 = Debug|Win32
		{6D51F86B-EC08-4104-BFB7-68506178436A}.Release|x64.ActiveCfg = Release|x64
		{6D51F86B-EC08-4104-BFB7-68506178436A}.Release|x64.Build.0 = Release|x64
		{6D51F86B-EC08-4104-BFB7-68506178436A}.Release|x86.ActiveCfg = Release|Win32
		{6D51F86B-EC08-4104-BFB7-68506178436A}.Release|x86.Build.0 = Release|Win32
		{A3294CE0-F5F3-4EE5-97B7-E1C1B369CEAF}.Debug|x64.ActiveCfg = Debug|x64
		{A3294CE0-F5F3-4EE5-97B7-E1C1B369CEAF}.Debug|x64.Build.0 = Debug|x64
		{A3294CE0-F5F3-4EE5-97B7-E1C1B369CEAF}.Debug|x86.ActiveCfg = Debug|Win32
		{A3294CE0-F5F3-4EE5-97B7-E1C1B369CEAF}.Debug|x86.Build.0 = Debug|Win32
		{A3294CE0-F5F3-4EE5-97B7-E1C1B369CEAF}.Release|x64.ActiveCfg = Release|x64
		{A3294CE0-F5F3-4EE5-97B7-E1C1B369CEAF}.Release|x64.Build.0 = Release|x64
		{A3294CE0-F5F3-4EE5-97B7-E1C1B369CEAF}.Release|x86.ActiveCfg = Release|Win32
		{A3294CE0-F5F3-4EE5-97B7-E1C1B369CEAF}.Release|x86.Build.0 = Release|Win32
		{0DC22C6B-3D40-40E7-9D19-227658765314}.Debug|x64.ActiveCfg = Debug|x64
		{0DC22C6B-3D40-40E7-9D19-227658765314}.Debug|x64.Build.0 = Debug|x64
		{0DC22C6B-3D40-40E7-9D19-227658765314}.Debug|x86.ActiveCfg = Debug|Win32
		{0DC22C6B-3D40-40E7-9D19-227658765314}.Debug|x86.Build.0 = Debug|Win32
		{0DC22C6B-3D40-40E7-9D19-227658765314}.Release|x64.ActiveCfg = Release|x64
		{0DC22C6B-3D40-40E7-9D19-227658765314}.Release|x64.Build.0 = Release|x64
		{0DC22C6B-3D40-40E7-9D19-227658765314}.Release|x86.ActiveCfg = Release|Win32
		{0DC22C6B-3D40-40E7-9D19-227658765314}.Release|x86.Build.0 = Release|Win32
		{7F0F391A-F820-4576-8104-19EE703BE044}.Debug|x64.ActiveCfg = Debug|x64
		{7F0F391A-F820-4576-8104-19EE703BE044}.Debug|x64.Build.0 = Debug|x64
		{7F0F391A-F820-4576-8104-19EE703BE044}.Debug|x86.ActiveCfg = Debug|Win32
		{7F0F391A-F820-4576-8104-19EE703BE044}.Debug|x86.Build.0 = Debug|Win32
		{7F0F391A-F820-4576-8104-19EE703BE044}.Release|x64.ActiveCfg = Release|x64
		{7F0F391A-F820-4576-8104-19EE703BE044}.Release|x64.Build.0 = Release|x64
		{7F0F391A-F820-4576-8104-19EE703BE044}.Release|x86.ActiveCfg = Release|Win32
		{7F0F391A-F820-4576-8104-19EE703BE044}.Release|x86.Build.0 = Release|Win32
		{F161CDE1-29CD-4945-835A-F413E07EF09C}.Debug|x64.ActiveCfg = Debug|x64
		{F161CDE1-29CD-4945-835A-F413E07EF09C}.Debug|x64.Build.0 = Debug|x64
		{F161CDE1-29CD-4945-835A-F413E07EF09C}.Debug|x86.ActiveCfg = Debug|Win32
		{F161CDE1-29CD-4945-835A-F413E07EF09C}.Debug|x86.Build.0 = Debug|Win32
		{F161CDE1-29CD-4945-835A-F413E07EF09C}.Release|x64.ActiveCfg = Release|x64
		{F161CDE1-29CD-4945-835A-F413E07EF09C}.Release|x64.Build.0 = Release|x64
		{F161CDE1-29CD-4945-835A-F413E07EF09C}.Release|x86.ActiveCfg = Release|Win32
		{F161CDE1-29CD-4945-835A-F413E07EF09C}.Release|x86.Build.0 = Release|Win32
		{C32C9DC5-A6C1-4F45-A181-5CB2A50FD4DC}.Debug|x64.ActiveCfg = Debug|x64
		{C32C9DC5-A6C1-4F45-A181-5CB2A50FD4DC}.Debug|x64.Build.0 = Debug|x64
		{C32C9DC5-A6C1-4F45-A181-5CB2A50FD4DC}.Debug|x86.ActiveCfg = Debug|Win32
		{C32C9DC5-A6C1-4F45-A181-5CB2A50FD4DC}.Debug|x86.Build.0 = Debug|Win32
		{C32C9DC5-A6C1-4F45-A181-5CB2A50FD4DC}.Release|x64.ActiveCfg = Release|x64
		{C32C9DC5-A6C1-4F45-A181-5CB2A50FD4DC}.Release|x64.Build.0 = Release|x64
		{C32C9DC5-A6C1-4F45-A181-5CB2A50FD4DC}.Release|x86.ActiveCfg = Release|Win32
		{C32C9DC5-A6C1-4F45-A181-5CB2A50FD4DC}.Release|x86.Build.0 = Release|Win32
		{0F8CA44F-BCC0-4BB0-9C6F-8E1BB5D3E6C4}.Debug|x64.ActiveCfg = Debug|x64
		{0F8CA44F-BCC0-4BB0-9C6F-8E1BB5D3E6C4}.Debug|x64.Build.0 = Debug|x64
		{0F8CA44F-BCC0-4BB0-9C6F-8E1BB5D3E6C4}.Debug|x86.ActiveCfg = Debug|Win32
		{0F8CA44F-BCC0-4BB0-9C6F-8E1BB5D3E6C4}.Debug|x86.Build.0 = Debug|Win32
		{0F8CA44F-BCC0-4BB0-9C6F-8E1BB5D3E6C4}.Release|x64.ActiveCfg = Release|x64
		{0F8CA44F-BCC0-4BB0-9C6F-8E1BB5D3E6C4}.Release|x64.Build.0 = Release|x64
		{0F8CA44F-BCC0-4BB0-9C6F-8E1BB5D3E6C4}.Release|x86.ActiveCfg = Release|Win32
		{0F8CA44F-BCC0-4BB0-9C6F-8E1BB5D3E6C4}.Release|x86.Build.0 = Release|Win32
	EndGlobalSection
	GlobalSection(SolutionProperties) = preSolution
		HideSolutionNode = FALSE
	EndGlobalSection
	GlobalSection(ExtensibilityGlobals) = postSolution
		SolutionGuid = {B3EC7D67-FA18-46D3-A5EB-BD6060F40F36}
	EndGlobalSection
EndGlobal
