
Microsoft Visual Studio Solution File, Format Version 12.00
# Visual Studio Version 16
VisualStudioVersion = 16.0.30717.126
MinimumVisualStudioVersion = 10.0.40219.1
Project("{8BC9CEB8-8B4A-11D0-8D11-00A0C91BC942}") = "day1", "day1\day1.vcxproj", "{3CED5186-31A2-4FCD-8467-043480CBF64D}"
EndProject
Global
	GlobalSection(SolutionConfigurationPlatforms) = preSolution
		Debug|x64 = Debug|x64
		Debug|x86 = Debug|x86
		Release|x64 = Release|x64
		Release|x86 = Release|x86
	EndGlobalSection
	GlobalSection(ProjectConfigurationPlatforms) = postSolution
		{3CED5186-31A2-4FCD-8467-043480CBF64D}.Debug|x64.ActiveCfg = Debug|x64
		{3CED5186-31A2-4FCD-8467-043480CBF64D}.Debug|x64.Build.0 = Debug|x64
		{3CED5186-31A2-4FCD-8467-043480CBF64D}.Debug|x86.ActiveCfg = Debug|Win32
		{3CED5186-31A2-4FCD-8467-043480CBF64D}.Debug|x86.Build.0 = Debug|Win32
		{3CED5186-31A2-4FCD-8467-043480CBF64D}.Release|x64.ActiveCfg = Release|x64
		{3CED5186-31A2-4FCD-8467-043480CBF64D}.Release|x64.Build.0 = Release|x64
		{3CED5186-31A2-4FCD-8467-043480CBF64D}.Release|x86.ActiveCfg = Release|Win32
		{3CED5186-31A2-4FCD-8467-043480CBF64D}.Release|x86.Build.0 = Release|Win32
	EndGlobalSection
	GlobalSection(SolutionProperties) = preSolution
		HideSolutionNode = FALSE
	EndGlobalSection
	GlobalSection(ExtensibilityGlobals) = postSolution
		SolutionGuid = {B3EC7D67-FA18-46D3-A5EB-BD6060F40F36}
	EndGlobalSection
EndGlobal
